// !$*UTF8*$!
{
	archiveVersion = 1;
	classes = {
	};
	objectVersion = 46;
	objects = {

/* Begin PBXBuildFile section */
		273521ED1C407C5000722B0F /* AppDelegate.swift in Sources */ = {isa = PBXBuildFile; fileRef = 273521EC1C407C5000722B0F /* AppDelegate.swift */; };
		273521EF1C407C5000722B0F /* ViewController.swift in Sources */ = {isa = PBXBuildFile; fileRef = 273521EE1C407C5000722B0F /* ViewController.swift */; };
		273521F21C407C5000722B0F /* Main.storyboard in Resources */ = {isa = PBXBuildFile; fileRef = 273521F01C407C5000722B0F /* Main.storyboard */; };
		273521F41C407C5000722B0F /* Assets.xcassets in Resources */ = {isa = PBXBuildFile; fileRef = 273521F31C407C5000722B0F /* Assets.xcassets */; };
		273521F71C407C5000722B0F /* LaunchScreen.storyboard in Resources */ = {isa = PBXBuildFile; fileRef = 273521F51C407C5000722B0F /* LaunchScreen.storyboard */; };
		273522041C407C9C00722B0F /* Bolts.framework in Frameworks */ = {isa = PBXBuildFile; fileRef = 273521FE1C407C9C00722B0F /* Bolts.framework */; settings = {ASSET_TAGS = (); }; };
		273522051C407C9C00722B0F /* Parse.framework in Frameworks */ = {isa = PBXBuildFile; fileRef = 273521FF1C407C9C00722B0F /* Parse.framework */; settings = {ASSET_TAGS = (); }; };
		273522061C407C9C00722B0F /* ParseFacebookUtils.framework in Frameworks */ = {isa = PBXBuildFile; fileRef = 273522001C407C9C00722B0F /* ParseFacebookUtils.framework */; settings = {ASSET_TAGS = (); }; };
		273522071C407C9C00722B0F /* ParseFacebookUtilsV4.framework in Frameworks */ = {isa = PBXBuildFile; fileRef = 273522011C407C9C00722B0F /* ParseFacebookUtilsV4.framework */; settings = {ASSET_TAGS = (); }; };
		273522081C407C9C00722B0F /* ParseTwitterUtils.framework in Frameworks */ = {isa = PBXBuildFile; fileRef = 273522021C407C9C00722B0F /* ParseTwitterUtils.framework */; settings = {ASSET_TAGS = (); }; };
		273522091C407C9C00722B0F /* ParseUI.framework in Frameworks */ = {isa = PBXBuildFile; fileRef = 273522031C407C9C00722B0F /* ParseUI.framework */; settings = {ASSET_TAGS = (); }; };
		273522191C41672000722B0F /* RiderViewController.swift in Sources */ = {isa = PBXBuildFile; fileRef = 273522181C41672000722B0F /* RiderViewController.swift */; settings = {ASSET_TAGS = (); }; };
		2735221B1C41673500722B0F /* RequestViewController.swift in Sources */ = {isa = PBXBuildFile; fileRef = 2735221A1C41673500722B0F /* RequestViewController.swift */; settings = {ASSET_TAGS = (); }; };
		2735221D1C41675100722B0F /* DriverViewController.swift in Sources */ = {isa = PBXBuildFile; fileRef = 2735221C1C41675100722B0F /* DriverViewController.swift */; settings = {ASSET_TAGS = (); }; };
		273522581C4454ED00722B0F /* AudioToolbox.framework in Frameworks */ = {isa = PBXBuildFile; fileRef = 273522571C4454ED00722B0F /* AudioToolbox.framework */; };
		2735225A1C4454F700722B0F /* SystemConfiguration.framework in Frameworks */ = {isa = PBXBuildFile; fileRef = 273522591C4454F700722B0F /* SystemConfiguration.framework */; };
		2735225C1C44550700722B0F /* CFNetwork.framework in Frameworks */ = {isa = PBXBuildFile; fileRef = 2735225B1C44550700722B0F /* CFNetwork.framework */; };
		2735225E1C44550D00722B0F /* CoreGraphics.framework in Frameworks */ = {isa = PBXBuildFile; fileRef = 2735225D1C44550D00722B0F /* CoreGraphics.framework */; };
		273522601C44551B00722B0F /* CoreLocation.framework in Frameworks */ = {isa = PBXBuildFile; fileRef = 2735225F1C44551B00722B0F /* CoreLocation.framework */; };
		273522621C44552300722B0F /* QuartzCore.framework in Frameworks */ = {isa = PBXBuildFile; fileRef = 273522611C44552300722B0F /* QuartzCore.framework */; };
		273522641C44552A00722B0F /* Security.framework in Frameworks */ = {isa = PBXBuildFile; fileRef = 273522631C44552A00722B0F /* Security.framework */; };
		273522661C44553700722B0F /* StoreKit.framework in Frameworks */ = {isa = PBXBuildFile; fileRef = 273522651C44553700722B0F /* StoreKit.framework */; };
		273522681C44554200722B0F /* libz.tbd in Frameworks */ = {isa = PBXBuildFile; fileRef = 273522671C44554200722B0F /* libz.tbd */; };
		2735226A1C44555200722B0F /* libsqlite3.tbd in Frameworks */ = {isa = PBXBuildFile; fileRef = 273522691C44555200722B0F /* libsqlite3.tbd */; };
/* End PBXBuildFile section */

/* Begin PBXFileReference section */
		273521E91C407C5000722B0F /* UberRedone.app */ = {isa = PBXFileReference; explicitFileType = wrapper.application; includeInIndex = 0; path = UberRedone.app; sourceTree = BUILT_PRODUCTS_DIR; };
		273521EC1C407C5000722B0F /* AppDelegate.swift */ = {isa = PBXFileReference; lastKnownFileType = sourcecode.swift; path = AppDelegate.swift; sourceTree = "<group>"; };
		273521EE1C407C5000722B0F /* ViewController.swift */ = {isa = PBXFileReference; lastKnownFileType = sourcecode.swift; path = ViewController.swift; sourceTree = "<group>"; };
		273521F11C407C5000722B0F /* Base */ = {isa = PBXFileReference; lastKnownFileType = file.storyboard; name = Base; path = Base.lproj/Main.storyboard; sourceTree = "<group>"; };
		273521F31C407C5000722B0F /* Assets.xcassets */ = {isa = PBXFileReference; lastKnownFileType = folder.assetcatalog; path = Assets.xcassets; sourceTree = "<group>"; };
		273521F61C407C5000722B0F /* Base */ = {isa = PBXFileReference; lastKnownFileType = file.storyboard; name = Base; path = Base.lproj/LaunchScreen.storyboard; sourceTree = "<group>"; };
		273521F81C407C5000722B0F /* Info.plist */ = {isa = PBXFileReference; lastKnownFileType = text.plist.xml; path = Info.plist; sourceTree = "<group>"; };
		273521FE1C407C9C00722B0F /* Bolts.framework */ = {isa = PBXFileReference; lastKnownFileType = wrapper.framework; path = Bolts.framework; sourceTree = "<group>"; };
		273521FF1C407C9C00722B0F /* Parse.framework */ = {isa = PBXFileReference; lastKnownFileType = wrapper.framework; path = Parse.framework; sourceTree = "<group>"; };
		273522001C407C9C00722B0F /* ParseFacebookUtils.framework */ = {isa = PBXFileReference; lastKnownFileType = wrapper.framework; path = ParseFacebookUtils.framework; sourceTree = "<group>"; };
		273522011C407C9C00722B0F /* ParseFacebookUtilsV4.framework */ = {isa = PBXFileReference; lastKnownFileType = wrapper.framework; path = ParseFacebookUtilsV4.framework; sourceTree = "<group>"; };
		273522021C407C9C00722B0F /* ParseTwitterUtils.framework */ = {isa = PBXFileReference; lastKnownFileType = wrapper.framework; path = ParseTwitterUtils.framework; sourceTree = "<group>"; };
		273522031C407C9C00722B0F /* ParseUI.framework */ = {isa = PBXFileReference; lastKnownFileType = wrapper.framework; path = ParseUI.framework; sourceTree = "<group>"; };
		273522181C41672000722B0F /* RiderViewController.swift */ = {isa = PBXFileReference; fileEncoding = 4; lastKnownFileType = sourcecode.swift; path = RiderViewController.swift; sourceTree = "<group>"; };
		2735221A1C41673500722B0F /* RequestViewController.swift */ = {isa = PBXFileReference; fileEncoding = 4; lastKnownFileType = sourcecode.swift; path = RequestViewController.swift; sourceTree = "<group>"; };
		2735221C1C41675100722B0F /* DriverViewController.swift */ = {isa = PBXFileReference; fileEncoding = 4; lastKnownFileType = sourcecode.swift; path = DriverViewController.swift; sourceTree = "<group>"; };
		273522571C4454ED00722B0F /* AudioToolbox.framework */ = {isa = PBXFileReference; lastKnownFileType = wrapper.framework; name = AudioToolbox.framework; path = System/Library/Frameworks/AudioToolbox.framework; sourceTree = SDKROOT; };
		273522591C4454F700722B0F /* SystemConfiguration.framework */ = {isa = PBXFileReference; lastKnownFileType = wrapper.framework; name = SystemConfiguration.framework; path = System/Library/Frameworks/SystemConfiguration.framework; sourceTree = SDKROOT; };
		2735225B1C44550700722B0F /* CFNetwork.framework */ = {isa = PBXFileReference; lastKnownFileType = wrapper.framework; name = CFNetwork.framework; path = System/Library/Frameworks/CFNetwork.framework; sourceTree = SDKROOT; };
		2735225D1C44550D00722B0F /* CoreGraphics.framework */ = {isa = PBXFileReference; lastKnownFileType = wrapper.framework; name = CoreGraphics.framework; path = System/Library/Frameworks/CoreGraphics.framework; sourceTree = SDKROOT; };
		2735225F1C44551B00722B0F /* CoreLocation.framework */ = {isa = PBXFileReference; lastKnownFileType = wrapper.framework; name = CoreLocation.framework; path = System/Library/Frameworks/CoreLocation.framework; sourceTree = SDKROOT; };
		273522611C44552300722B0F /* QuartzCore.framework */ = {isa = PBXFileReference; lastKnownFileType = wrapper.framework; name = QuartzCore.framework; path = System/Library/Frameworks/QuartzCore.framework; sourceTree = SDKROOT; };
		273522631C44552A00722B0F /* Security.framework */ = {isa = PBXFileReference; lastKnownFileType = wrapper.framework; name = Security.framework; path = System/Library/Frameworks/Security.framework; sourceTree = SDKROOT; };
		273522651C44553700722B0F /* StoreKit.framework */ = {isa = PBXFileReference; lastKnownFileType = wrapper.framework; name = StoreKit.framework; path = System/Library/Frameworks/StoreKit.framework; sourceTree = SDKROOT; };
		273522671C44554200722B0F /* libz.tbd */ = {isa = PBXFileReference; lastKnownFileType = "sourcecode.text-based-dylib-definition"; name = libz.tbd; path = usr/lib/libz.tbd; sourceTree = SDKROOT; };
		273522691C44555200722B0F /* libsqlite3.tbd */ = {isa = PBXFileReference; lastKnownFileType = "sourcecode.text-based-dylib-definition"; name = libsqlite3.tbd; path = usr/lib/libsqlite3.tbd; sourceTree = SDKROOT; };
/* End PBXFileReference section */

/* Begin PBXFrameworksBuildPhase section */
		273521E61C407C5000722B0F /* Frameworks */ = {
			isa = PBXFrameworksBuildPhase;
			buildActionMask = 2147483647;
			files = (
				2735226A1C44555200722B0F /* libsqlite3.tbd in Frameworks */,
				273522681C44554200722B0F /* libz.tbd in Frameworks */,
				273522661C44553700722B0F /* StoreKit.framework in Frameworks */,
				273522641C44552A00722B0F /* Security.framework in Frameworks */,
				273522621C44552300722B0F /* QuartzCore.framework in Frameworks */,
				273522601C44551B00722B0F /* CoreLocation.framework in Frameworks */,
				2735225E1C44550D00722B0F /* CoreGraphics.framework in Frameworks */,
				2735225C1C44550700722B0F /* CFNetwork.framework in Frameworks */,
				2735225A1C4454F700722B0F /* SystemConfiguration.framework in Frameworks */,
				273522581C4454ED00722B0F /* AudioToolbox.framework in Frameworks */,
				273522091C407C9C00722B0F /* ParseUI.framework in Frameworks */,
				273522051C407C9C00722B0F /* Parse.framework in Frameworks */,
				273522041C407C9C00722B0F /* Bolts.framework in Frameworks */,
				273522071C407C9C00722B0F /* ParseFacebookUtilsV4.framework in Frameworks */,
				273522061C407C9C00722B0F /* ParseFacebookUtils.framework in Frameworks */,
				273522081C407C9C00722B0F /* ParseTwitterUtils.framework in Frameworks */,
			);
			runOnlyForDeploymentPostprocessing = 0;
		};
/* End PBXFrameworksBuildPhase section */

/* Begin PBXGroup section */
		273521E01C407C5000722B0F = {
			isa = PBXGroup;
			children = (
				2735226B1C44555E00722B0F /* Other Parse Frameworks */,
				273521EB1C407C5000722B0F /* UberRedone */,
				273521EA1C407C5000722B0F /* Products */,
			);
			sourceTree = "<group>";
		};
		273521EA1C407C5000722B0F /* Products */ = {
			isa = PBXGroup;
			children = (
				273521E91C407C5000722B0F /* UberRedone.app */,
			);
			name = Products;
			sourceTree = "<group>";
		};
		273521EB1C407C5000722B0F /* UberRedone */ = {
			isa = PBXGroup;
			children = (
				273521EC1C407C5000722B0F /* AppDelegate.swift */,
				273521EE1C407C5000722B0F /* ViewController.swift */,
				273522181C41672000722B0F /* RiderViewController.swift */,
				2735221C1C41675100722B0F /* DriverViewController.swift */,
				2735221A1C41673500722B0F /* RequestViewController.swift */,
				273521F01C407C5000722B0F /* Main.storyboard */,
				2735220A1C407CA800722B0F /* Parse Frameworks */,
				273521F31C407C5000722B0F /* Assets.xcassets */,
				273521F51C407C5000722B0F /* LaunchScreen.storyboard */,
				273521F81C407C5000722B0F /* Info.plist */,
			);
			path = UberRedone;
			sourceTree = "<group>";
		};
		2735220A1C407CA800722B0F /* Parse Frameworks */ = {
			isa = PBXGroup;
			children = (
				273521FE1C407C9C00722B0F /* Bolts.framework */,
				273521FF1C407C9C00722B0F /* Parse.framework */,
				273522001C407C9C00722B0F /* ParseFacebookUtils.framework */,
				273522011C407C9C00722B0F /* ParseFacebookUtilsV4.framework */,
				273522021C407C9C00722B0F /* ParseTwitterUtils.framework */,
				273522031C407C9C00722B0F /* ParseUI.framework */,
			);
			name = "Parse Frameworks";
			sourceTree = "<group>";
		};
		2735226B1C44555E00722B0F /* Other Parse Frameworks */ = {
			isa = PBXGroup;
			children = (
				273522691C44555200722B0F /* libsqlite3.tbd */,
				273522671C44554200722B0F /* libz.tbd */,
				273522651C44553700722B0F /* StoreKit.framework */,
				273522631C44552A00722B0F /* Security.framework */,
				273522611C44552300722B0F /* QuartzCore.framework */,
				2735225F1C44551B00722B0F /* CoreLocation.framework */,
				2735225D1C44550D00722B0F /* CoreGraphics.framework */,
				2735225B1C44550700722B0F /* CFNetwork.framework */,
				273522591C4454F700722B0F /* SystemConfiguration.framework */,
				273522571C4454ED00722B0F /* AudioToolbox.framework */,
			);
			name = "Other Parse Frameworks";
			sourceTree = "<group>";
		};
/* End PBXGroup section */

/* Begin PBXNativeTarget section */
		273521E81C407C5000722B0F /* UberRedone */ = {
			isa = PBXNativeTarget;
			buildConfigurationList = 273521FB1C407C5000722B0F /* Build configuration list for PBXNativeTarget "UberRedone" */;
			buildPhases = (
				273521E51C407C5000722B0F /* Sources */,
				273521E61C407C5000722B0F /* Frameworks */,
				273521E71C407C5000722B0F /* Resources */,
			);
			buildRules = (
			);
			dependencies = (
			);
			name = UberRedone;
			productName = UberRedone;
			productReference = 273521E91C407C5000722B0F /* UberRedone.app */;
			productType = "com.apple.product-type.application";
		};
/* End PBXNativeTarget section */

/* Begin PBXProject section */
		273521E11C407C5000722B0F /* Project object */ = {
			isa = PBXProject;
			attributes = {
				LastUpgradeCheck = 0700;
				ORGANIZATIONNAME = "Ethan Hess";
				TargetAttributes = {
					273521E81C407C5000722B0F = {
						CreatedOnToolsVersion = 7.0.1;
					};
				};
			};
			buildConfigurationList = 273521E41C407C5000722B0F /* Build configuration list for PBXProject "UberRedone" */;
			compatibilityVersion = "Xcode 3.2";
			developmentRegion = English;
			hasScannedForEncodings = 0;
			knownRegions = (
				en,
				Base,
			);
			mainGroup = 273521E01C407C5000722B0F;
			productRefGroup = 273521EA1C407C5000722B0F /* Products */;
			projectDirPath = "";
			projectRoot = "";
			targets = (
				273521E81C407C5000722B0F /* UberRedone */,
			);
		};
/* End PBXProject section */

/* Begin PBXResourcesBuildPhase section */
		273521E71C407C5000722B0F /* Resources */ = {
			isa = PBXResourcesBuildPhase;
			buildActionMask = 2147483647;
			files = (
				273521F71C407C5000722B0F /* LaunchScreen.storyboard in Resources */,
				273521F41C407C5000722B0F /* Assets.xcassets in Resources */,
				273521F21C407C5000722B0F /* Main.storyboard in Resources */,
			);
			runOnlyForDeploymentPostprocessing = 0;
		};
/* End PBXResourcesBuildPhase section */

/* Begin PBXSourcesBuildPhase section */
		273521E51C407C5000722B0F /* Sources */ = {
			isa = PBXSourcesBuildPhase;
			buildActionMask = 2147483647;
			files = (
				273521EF1C407C5000722B0F /* ViewController.swift in Sources */,
				2735221D1C41675100722B0F /* DriverViewController.swift in Sources */,
				273522191C41672000722B0F /* RiderViewController.swift in Sources */,
				2735221B1C41673500722B0F /* RequestViewController.swift in Sources */,
				273521ED1C407C5000722B0F /* AppDelegate.swift in Sources */,
			);
			runOnlyForDeploymentPostprocessing = 0;
		};
/* End PBXSourcesBuildPhase section */

/* Begin PBXVariantGroup section */
		273521F01C407C5000722B0F /* Main.storyboard */ = {
			isa = PBXVariantGroup;
			children = (
				273521F11C407C5000722B0F /* Base */,
			);
			name = Main.storyboard;
			sourceTree = "<group>";
		};
		273521F51C407C5000722B0F /* LaunchScreen.storyboard */ = {
			isa = PBXVariantGroup;
			children = (
				273521F61C407C5000722B0F /* Base */,
			);
			name = LaunchScreen.storyboard;
			sourceTree = "<group>";
		};
/* End PBXVariantGroup section */

/* Begin XCBuildConfiguration section */
		273521F91C407C5000722B0F /* Debug */ = {
			isa = XCBuildConfiguration;
			buildSettings = {
				ALWAYS_SEARCH_USER_PATHS = NO;
				CLANG_CXX_LANGUAGE_STANDARD = "gnu++0x";
				CLANG_CXX_LIBRARY = "libc++";
				CLANG_ENABLE_MODULES = YES;
				CLANG_ENABLE_OBJC_ARC = YES;
				CLANG_WARN_BOOL_CONVERSION = YES;
				CLANG_WARN_CONSTANT_CONVERSION = YES;
				CLANG_WARN_DIRECT_OBJC_ISA_USAGE = YES_ERROR;
				CLANG_WARN_EMPTY_BODY = YES;
				CLANG_WARN_ENUM_CONVERSION = YES;
				CLANG_WARN_INT_CONVERSION = YES;
				CLANG_WARN_OBJC_ROOT_CLASS = YES_ERROR;
				CLANG_WARN_UNREACHABLE_CODE = YES;
				CLANG_WARN__DUPLICATE_METHOD_MATCH = YES;
				"CODE_SIGN_IDENTITY[sdk=iphoneos*]" = "iPhone Developer";
				COPY_PHASE_STRIP = NO;
				DEBUG_INFORMATION_FORMAT = dwarf;
				ENABLE_STRICT_OBJC_MSGSEND = YES;
				ENABLE_TESTABILITY = YES;
				GCC_C_LANGUAGE_STANDARD = gnu99;
				GCC_DYNAMIC_NO_PIC = NO;
				GCC_NO_COMMON_BLOCKS = YES;
				GCC_OPTIMIZATION_LEVEL = 0;
				GCC_PREPROCESSOR_DEFINITIONS = (
					"DEBUG=1",
					"$(inherited)",
				);
				GCC_WARN_64_TO_32_BIT_CONVERSION = YES;
				GCC_WARN_ABOUT_RETURN_TYPE = YES_ERROR;
				GCC_WARN_UNDECLARED_SELECTOR = YES;
				GCC_WARN_UNINITIALIZED_AUTOS = YES_AGGRESSIVE;
				GCC_WARN_UNUSED_FUNCTION = YES;
				GCC_WARN_UNUSED_VARIABLE = YES;
				IPHONEOS_DEPLOYMENT_TARGET = 9.0;
				MTL_ENABLE_DEBUG_INFO = YES;
				ONLY_ACTIVE_ARCH = YES;
				SDKROOT = iphoneos;
				SWIFT_OPTIMIZATION_LEVEL = "-Onone";
			};
			name = Debug;
		};
		273521FA1C407C5000722B0F /* Release */ = {
			isa = XCBuildConfiguration;
			buildSettings = {
				ALWAYS_SEARCH_USER_PATHS = NO;
				CLANG_CXX_LANGUAGE_STANDARD = "gnu++0x";
				CLANG_CXX_LIBRARY = "libc++";
				CLANG_ENABLE_MODULES = YES;
				CLANG_ENABLE_OBJC_ARC = YES;
				CLANG_WARN_BOOL_CONVERSION = YES;
				CLANG_WARN_CONSTANT_CONVERSION = YES;
				CLANG_WARN_DIRECT_OBJC_ISA_USAGE = YES_ERROR;
				CLANG_WARN_EMPTY_BODY = YES;
				CLANG_WARN_ENUM_CONVERSION = YES;
				CLANG_WARN_INT_CONVERSION = YES;
				CLANG_WARN_OBJC_ROOT_CLASS = YES_ERROR;
				CLANG_WARN_UNREACHABLE_CODE = YES;
				CLANG_WARN__DUPLICATE_METHOD_MATCH = YES;
				"CODE_SIGN_IDENTITY[sdk=iphoneos*]" = "iPhone Developer";
				COPY_PHASE_STRIP = NO;
				DEBUG_INFORMATION_FORMAT = "dwarf-with-dsym";
				ENABLE_NS_ASSERTIONS = NO;
				ENABLE_STRICT_OBJC_MSGSEND = YES;
				GCC_C_LANGUAGE_STANDARD = gnu99;
				GCC_NO_COMMON_BLOCKS = YES;
				GCC_WARN_64_TO_32_BIT_CONVERSION = YES;
				GCC_WARN_ABOUT_RETURN_TYPE = YES_ERROR;
				GCC_WARN_UNDECLARED_SELECTOR = YES;
				GCC_WARN_UNINITIALIZED_AUTOS = YES_AGGRESSIVE;
				GCC_WARN_UNUSED_FUNCTION = YES;
				GCC_WARN_UNUSED_VARIABLE = YES;
				IPHONEOS_DEPLOYMENT_TARGET = 9.0;
				MTL_ENABLE_DEBUG_INFO = NO;
				SDKROOT = iphoneos;
				VALIDATE_PRODUCT = YES;
			};
			name = Release;
		};
		273521FC1C407C5000722B0F /* Debug */ = {
			isa = XCBuildConfiguration;
			buildSettings = {
				ASSETCATALOG_COMPILER_APPICON_NAME = AppIcon;
				FRAMEWORK_SEARCH_PATHS = (
					"$(inherited)",
					"$(PROJECT_DIR)/UberRedone",
				);
				INFOPLIST_FILE = UberRedone/Info.plist;
				LD_RUNPATH_SEARCH_PATHS = "$(inherited) @executable_path/Frameworks";
				PRODUCT_BUNDLE_IDENTIFIER = com.devmountain.UberRedone;
				PRODUCT_NAME = "$(TARGET_NAME)";
			};
			name = Debug;
		};
		273521FD1C407C5000722B0F /* Release */ = {
			isa = XCBuildConfiguration;
			buildSettings = {
				ASSETCATALOG_COMPILER_APPICON_NAME = AppIcon;
				FRAMEWORK_SEARCH_PATHS = (
					"$(inherited)",
					"$(PROJECT_DIR)/UberRedone",
				);
				INFOPLIST_FILE = UberRedone/Info.plist;
				LD_RUNPATH_SEARCH_PATHS = "$(inherited) @executable_path/Frameworks";
				PRODUCT_BUNDLE_IDENTIFIER = com.devmountain.UberRedone;
				PRODUCT_NAME = "$(TARGET_NAME)";
			};
			name = Release;
		};
/* End XCBuildConfiguration section */

/* Begin XCConfigurationList section */
		273521E41C407C5000722B0F /* Build configuration list for PBXProject "UberRedone" */ = {
			isa = XCConfigurationList;
			buildConfigurations = (
				273521F91C407C5000722B0F /* Debug */,
				273521FA1C407C5000722B0F /* Release */,
			);
			defaultConfigurationIsVisible = 0;
			defaultConfigurationName = Release;
		};
		273521FB1C407C5000722B0F /* Build configuration list for PBXNativeTarget "UberRedone" */ = {
			isa = XCConfigurationList;
			buildConfigurations = (
				273521FC1C407C5000722B0F /* Debug */,
				273521FD1C407C5000722B0F /* Release */,
			);
			defaultConfigurationIsVisible = 0;
			defaultConfigurationName = Release;
		};
/* End XCConfigurationList section */
	};
	rootObject = 273521E11C407C5000722B0F /* Project object */;
}
